
Microsoft Visual Studio Solution File, Format Version 12.00
# Visual Studio Version 16
VisualStudioVersion = 16.0.30611.23
MinimumVisualStudioVersion = 10.0.40219.1
Project("{FAE04EC0-301F-11D3-BF4B-00C04F79EFBC}") = "PlaygroundServer", "PlaygroundServer\PlaygroundServer.csproj", "{28BC6CE6-7A9B-4030-AF0B-47E3FB8503D9}"
EndProject
Global
	GlobalSection(SolutionConfigurationPlatforms) = preSolution
		Debug|Any CPU = Debug|Any CPU
		Release|Any CPU = Release|Any CPU
	EndGlobalSection
	GlobalSection(ProjectConfigurationPlatforms) = postSolution
		{28BC6CE6-7A9B-4030-AF0B-47E3FB8503D9}.Debug|Any CPU.ActiveCfg = Debug|Any CPU
		{28BC6CE6-7A9B-4030-AF0B-47E3FB8503D9}.Debug|Any CPU.Build.0 = Debug|Any CPU
		{28BC6CE6-7A9B-4030-AF0B-47E3FB8503D9}.Release|Any CPU.ActiveCfg = Release|Any CPU
		{28BC6CE6-7A9B-4030-AF0B-47E3FB8503D9}.Release|Any CPU.Build.0 = Release|Any CPU
	EndGlobalSection
	GlobalSection(SolutionProperties) = preSolution
		HideSolutionNode = FALSE
	EndGlobalSection
	GlobalSection(ExtensibilityGlobals) = postSolution
		SolutionGuid = {DBA105CF-424D-4CC3-95BE-C0DADEC73BB9}
	EndGlobalSection
EndGlobal
